
Microsoft Visual Studio Solution File, Format Version 11.00
# Visual Studio 2010
Project("{FAE04EC0-301F-11D3-BF4B-00C04F79EFBC}") = "CompanyPhones", "CompanyPhones\CompanyPhones.csproj", "{ACC0EC85-7A10-4AD0-9BD2-F4FB632DA8E9}"
EndProject
Global
	GlobalSection(SolutionConfigurationPlatforms) = preSolution
		Debug|Any CPU = Debug|Any CPU
		Release|Any CPU = Release|Any CPU
	EndGlobalSection
	GlobalSection(ProjectConfigurationPlatforms) = postSolution
		{ACC0EC85-7A10-4AD0-9BD2-F4FB632DA8E9}.Debug|Any CPU.ActiveCfg = Debug|Any CPU
		{ACC0EC85-7A10-4AD0-9BD2-F4FB632DA8E9}.Debug|Any CPU.Build.0 = Debug|Any CPU
		{ACC0EC85-7A10-4AD0-9BD2-F4FB632DA8E9}.Release|Any CPU.ActiveCfg = Release|Any CPU
		{ACC0EC85-7A10-4AD0-9BD2-F4FB632DA8E9}.Release|Any CPU.Build.0 = Release|Any CPU
	EndGlobalSection
	GlobalSection(SolutionProperties) = preSolution
		HideSolutionNode = FALSE
	EndGlobalSection
EndGlobal
